lockfileVersion: '9.0'

settings:
  autoInstallPeers: true
  excludeLinksFromLockfile: false

importers:

  .:
    dependencies:
      '@clerk/nextjs':
        specifier: 7.5.12
        version: 7.5.12
      '@react-pdf/renderer':
        specifier: 4.5.1
        version: 4.5.1(react@19.2.7)
      '@sentry/nextjs':
        specifier: 10.63.0
        version: 10.63.0(next@16.2.10(react-dom@19.2.7(react@19.2.7))(react@19.2.7))(react@19.2.7)
      '@supabase/supabase-js':
        specifier: 2.110.0
        version: 2.110.0
      '@vercel/analytics':
        specifier: 2.0.1
        version: 2.0.1(next@16.2.10(react-dom@19.2.7(react@19.2.7))(react@19.2.7))(react@19.2.7)
      '@vercel/speed-insights':
        specifier: 2.0.0
        version: 2.0.0(next@16.2.10(react-dom@19.2.7(react@19.2.7))(react@19.2.7))(react@19.2.7)
      class-variance-authority:
        specifier: 0.7.1
        version: 0.7.1
      clsx:
        specifier: 2.1.1
        version: 2.1.1
      framer-motion:
        specifier: 12.42.2
        version: 12.42.2(react-dom@19.2.7(react@19.2.7))(react@19.2.7)
      lucide-react:
        specifier: 1.23.0
        version: 1.23.0(react@19.2.7)
      next:
        specifier: 16.2.10
        version: 16.2.10(react-dom@19.2.7(react@19.2.7))(react@19.2.7)
      posthog-js:
        specifier: 1.396.4
        version: 1.396.4
      qrcode:
        specifier: 1.5.4
        version: 1.5.4
      react:
        specifier: 19.2.7
        version: 19.2.7
      react-dom:
        specifier: 19.2.7
        version: 19.2.7(react@19.2.7)
      recharts:
        specifier: 3.9.2
        version: 3.9.2(react-dom@19.2.7(react@19.2.7))(react@19.2.7)
      tailwind-merge:
        specifier: 3.3.1
        version: 3.3.1
      tailwindcss-animate:
        specifier: 1.0.7
        version: 1.0.7(tailwindcss@4.3.2)
      zod:
        specifier: 4.4.3
        version: 4.4.3
    devDependencies:
      '@eslint/eslintrc':
        specifier: 3.3.1
        version: 3.3.1
      '@playwright/test':
        specifier: 1.54.1
        version: 1.54.1
      '@tailwindcss/postcss':
        specifier: 4.3.2
        version: 4.3.2
      '@types/node':
        specifier: 24.0.10
        version: 24.0.10
      '@types/qrcode':
        specifier: 1.5.5
        version: 1.5.5
      '@types/react':
        specifier: 19.2.0
        version: 19.2.0
      '@types/react-dom':
        specifier: 19.2.0
        version: 19.2.0(@types/react@19.2.0)
      eslint:
        specifier: 9.31.0
        version: 9.31.0
      eslint-config-next:
        specifier: 16.2.10
        version: 16.2.10(eslint@9.31.0)(typescript@6.0.3)
      postcss:
        specifier: 8.5.6
        version: 8.5.6
      prettier:
        specifier: 3.6.2
        version: 3.6.2
      tailwindcss:
        specifier: 4.3.2
        version: 4.3.2
      typescript:
        specifier: 6.0.3
        version: 6.0.3
      vitest:
        specifier: 4.1.9
        version: 4.1.9(@types/node@24.0.10)
